
Microsoft Visual Studio Solution File, Format Version 12.00
# Visual Studio 15
VisualStudioVersion = 15.0.26730.15
MinimumVisualStudioVersion = 10.0.40219.1
Project("{FAE04EC0-301F-11D3-BF4B-00C04F79EFBC}") = "YzWangYiMusicSliderDemo", "YzWangYiMusicSliderDemo\YzWangYiMusicSliderDemo.csproj", "{36DFBAF5-28A2-4CCC-8FA7-54E31D0A9EDF}"
EndProject
Global
	GlobalSection(SolutionConfigurationPlatforms) = preSolution
		Debug|Any CPU = Debug|Any CPU
		Release|Any CPU = Release|Any CPU
	EndGlobalSection
	GlobalSection(ProjectConfigurationPlatforms) = postSolution
		{36DFBAF5-28A2-4CCC-8FA7-54E31D0A9EDF}.Debug|Any CPU.ActiveCfg = Debug|Any CPU
		{36DFBAF5-28A2-4CCC-8FA7-54E31D0A9EDF}.Debug|Any CPU.Build.0 = Debug|Any CPU
		{36DFBAF5-28A2-4CCC-8FA7-54E31D0A9EDF}.Release|Any CPU.ActiveCfg = Release|Any CPU
		{36DFBAF5-28A2-4CCC-8FA7-54E31D0A9EDF}.Release|Any CPU.Build.0 = Release|Any CPU
	EndGlobalSection
	GlobalSection(SolutionProperties) = preSolution
		HideSolutionNode = FALSE
	EndGlobalSection
	GlobalSection(ExtensibilityGlobals) = postSolution
		SolutionGuid = {C6E3B423-2B33-4309-B9A1-96AB1DDDD613}
	EndGlobalSection
EndGlobal
